
Microsoft Visual Studio Solution File, Format Version 12.00
# Visual Studio Version 17
VisualStudioVersion = 17.10.35027.167
MinimumVisualStudioVersion = 10.0.40219.1
Project("{2150E333-8FDC-42A3-9474-1A3956D46DE8}") = "Services", "Services", "{D159308D-0625-4933-94C6-34E6504E0C96}"
EndProject
Project("{2150E333-8FDC-42A3-9474-1A3956D46DE8}") = "Catalog", "Catalog", "{576FCDD8-3153-4619-A522-1B6294275EF5}"
EndProject
Project("{9A19103F-16F7-4668-BE54-9A1E7A4F7556}") = "Catalog.API", "Services\Catalog\Catalog.API\Catalog.API.csproj", "{9EB78918-6BC8-4EE3-BAC9-286510FF2500}"
	ProjectSection(ProjectDependencies) = postProject
		{D4D54EB1-4B21-4D62-997E-30CD4066051D} = {D4D54EB1-4B21-4D62-997E-30CD4066051D}
	EndProjectSection
EndProject
Project("{2150E333-8FDC-42A3-9474-1A3956D46DE8}") = "BuildingBlocks", "BuildingBlocks", "{15E8E170-1313-4608-98F3-B9EFA46C6FA1}"
EndProject
Project("{9A19103F-16F7-4668-BE54-9A1E7A4F7556}") = "BuildingBlocks", "BuildingBlocks\BuildingBlocks\BuildingBlocks.csproj", "{4CCF73B5-DB81-411A-B617-45D496230524}"
EndProject
Project("{E53339B2-1760-4266-BCC7-CA923CBCF16C}") = "docker-compose", "docker-compose.dcproj", "{D4D54EB1-4B21-4D62-997E-30CD4066051D}"
EndProject
Project("{2150E333-8FDC-42A3-9474-1A3956D46DE8}") = "Basket", "Basket", "{C9481CA8-7362-4DFC-9E88-F492748AA396}"
EndProject
Project("{9A19103F-16F7-4668-BE54-9A1E7A4F7556}") = "Basket.API", "Services\Basket\Basket.API\Basket.API.csproj", "{997FAD64-01B9-4A91-8D29-6FEC9FC9F3CC}"
EndProject
Project("{2150E333-8FDC-42A3-9474-1A3956D46DE8}") = "Discount", "Discount", "{6DDF9AA4-1441-4D5E-85A3-6BC3BD134489}"
EndProject
Project("{9A19103F-16F7-4668-BE54-9A1E7A4F7556}") = "Discount.gRPC", "Services\Discount\Discount.gRPC\Discount.gRPC.csproj", "{9C97FD99-B4B0-42DE-AB4D-E0A5F7826F2C}"
EndProject
Project("{2150E333-8FDC-42A3-9474-1A3956D46DE8}") = "Ordering", "Ordering", "{0F983FDB-731B-4746-BD01-620907D10A25}"
EndProject
Project("{FAE04EC0-301F-11D3-BF4B-00C04F79EFBC}") = "Ordering.API", "Services\Ordering\Ordering.API\Ordering.API.csproj", "{C89D0A95-ADAC-4B5F-88E1-6F3340BF6ED4}"
EndProject
Project("{FAE04EC0-301F-11D3-BF4B-00C04F79EFBC}") = "Ordering.Domain", "Services\Ordering\Ordering.Domain\Ordering.Domain.csproj", "{EC067092-283D-4F79-8425-1027A37E9BFF}"
EndProject
Project("{FAE04EC0-301F-11D3-BF4B-00C04F79EFBC}") = "Ordering.Application", "Services\Ordering\Ordering.Application\Ordering.Application.csproj", "{E328E494-6695-4F60-9F94-3BBE709FB305}"
EndProject
Project("{FAE04EC0-301F-11D3-BF4B-00C04F79EFBC}") = "Ordering.Infrastructure", "Services\Ordering\Ordering.Infrastructure\Ordering.Infrastructure.csproj", "{3B39FAC9-DCBE-432B-8112-1A62E9EBAF45}"
EndProject
Global
	GlobalSection(SolutionConfigurationPlatforms) = preSolution
		Debug|Any CPU = Debug|Any CPU
		Release|Any CPU = Release|Any CPU
	EndGlobalSection
	GlobalSection(ProjectConfigurationPlatforms) = postSolution
		{9EB78918-6BC8-4EE3-BAC9-286510FF2500}.Debug|Any CPU.ActiveCfg = Debug|Any CPU
		{9EB78918-6BC8-4EE3-BAC9-286510FF2500}.Debug|Any CPU.Build.0 = Debug|Any CPU
		{9EB78918-6BC8-4EE3-BAC9-286510FF2500}.Release|Any CPU.ActiveCfg = Release|Any CPU
		{9EB78918-6BC8-4EE3-BAC9-286510FF2500}.Release|Any CPU.Build.0 = Release|Any CPU
		{4CCF73B5-DB81-411A-B617-45D496230524}.Debug|Any CPU.ActiveCfg = Debug|Any CPU
		{4CCF73B5-DB81-411A-B617-45D496230524}.Debug|Any CPU.Build.0 = Debug|Any CPU
		{4CCF73B5-DB81-411A-B617-45D496230524}.Release|Any CPU.ActiveCfg = Release|Any CPU
		{4CCF73B5-DB81-411A-B617-45D496230524}.Release|Any CPU.Build.0 = Release|Any CPU
		{D4D54EB1-4B21-4D62-997E-30CD4066051D}.Debug|Any CPU.ActiveCfg = Debug|Any CPU
		{D4D54EB1-4B21-4D62-997E-30CD4066051D}.Debug|Any CPU.Build.0 = Debug|Any CPU
		{D4D54EB1-4B21-4D62-997E-30CD4066051D}.Release|Any CPU.ActiveCfg = Release|Any CPU
		{D4D54EB1-4B21-4D62-997E-30CD4066051D}.Release|Any CPU.Build.0 = Release|Any CPU
		{997FAD64-01B9-4A91-8D29-6FEC9FC9F3CC}.Debug|Any CPU.ActiveCfg = Debug|Any CPU
		{997FAD64-01B9-4A91-8D29-6FEC9FC9F3CC}.Debug|Any CPU.Build.0 = Debug|Any CPU
		{997FAD64-01B9-4A91-8D29-6FEC9FC9F3CC}.Release|Any CPU.ActiveCfg = Release|Any CPU
		{997FAD64-01B9-4A91-8D29-6FEC9FC9F3CC}.Release|Any CPU.Build.0 = Release|Any CPU
		{9C97FD99-B4B0-42DE-AB4D-E0A5F7826F2C}.Debug|Any CPU.ActiveCfg = Debug|Any CPU
		{9C97FD99-B4B0-42DE-AB4D-E0A5F7826F2C}.Debug|Any CPU.Build.0 = Debug|Any CPU
		{9C97FD99-B4B0-42DE-AB4D-E0A5F7826F2C}.Release|Any CPU.ActiveCfg = Release|Any CPU
		{9C97FD99-B4B0-42DE-AB4D-E0A5F7826F2C}.Release|Any CPU.Build.0 = Release|Any CPU
		{C89D0A95-ADAC-4B5F-88E1-6F3340BF6ED4}.Debug|Any CPU.ActiveCfg = Debug|Any CPU
		{C89D0A95-ADAC-4B5F-88E1-6F3340BF6ED4}.Debug|Any CPU.Build.0 = Debug|Any CPU
		{C89D0A95-ADAC-4B5F-88E1-6F3340BF6ED4}.Release|Any CPU.ActiveCfg = Release|Any CPU
		{C89D0A95-ADAC-4B5F-88E1-6F3340BF6ED4}.Release|Any CPU.Build.0 = Release|Any CPU
		{EC067092-283D-4F79-8425-1027A37E9BFF}.Debug|Any CPU.ActiveCfg = Debug|Any CPU
		{EC067092-283D-4F79-8425-1027A37E9BFF}.Debug|Any CPU.Build.0 = Debug|Any CPU
		{EC067092-283D-4F79-8425-1027A37E9BFF}.Release|Any CPU.ActiveCfg = Release|Any CPU
		{EC067092-283D-4F79-8425-1027A37E9BFF}.Release|Any CPU.Build.0 = Release|Any CPU
		{E328E494-6695-4F60-9F94-3BBE709FB305}.Debug|Any CPU.ActiveCfg = Debug|Any CPU
		{E328E494-6695-4F60-9F94-3BBE709FB305}.Debug|Any CPU.Build.0 = Debug|Any CPU
		{E328E494-6695-4F60-9F94-3BBE709FB305}.Release|Any CPU.ActiveCfg = Release|Any CPU
		{E328E494-6695-4F60-9F94-3BBE709FB305}.Release|Any CPU.Build.0 = Release|Any CPU
		{3B39FAC9-DCBE-432B-8112-1A62E9EBAF45}.Debug|Any CPU.ActiveCfg = Debug|Any CPU
		{3B39FAC9-DCBE-432B-8112-1A62E9EBAF45}.Debug|Any CPU.Build.0 = Debug|Any CPU
		{3B39FAC9-DCBE-432B-8112-1A62E9EBAF45}.Release|Any CPU.ActiveCfg = Release|Any CPU
		{3B39FAC9-DCBE-432B-8112-1A62E9EBAF45}.Release|Any CPU.Build.0 = Release|Any CPU
	EndGlobalSection
	GlobalSection(SolutionProperties) = preSolution
		HideSolutionNode = FALSE
	EndGlobalSection
	GlobalSection(NestedProjects) = preSolution
		{576FCDD8-3153-4619-A522-1B6294275EF5} = {D159308D-0625-4933-94C6-34E6504E0C96}
		{9EB78918-6BC8-4EE3-BAC9-286510FF2500} = {576FCDD8-3153-4619-A522-1B6294275EF5}
		{4CCF73B5-DB81-411A-B617-45D496230524} = {15E8E170-1313-4608-98F3-B9EFA46C6FA1}
		{C9481CA8-7362-4DFC-9E88-F492748AA396} = {D159308D-0625-4933-94C6-34E6504E0C96}
		{997FAD64-01B9-4A91-8D29-6FEC9FC9F3CC} = {C9481CA8-7362-4DFC-9E88-F492748AA396}
		{6DDF9AA4-1441-4D5E-85A3-6BC3BD134489} = {D159308D-0625-4933-94C6-34E6504E0C96}
		{9C97FD99-B4B0-42DE-AB4D-E0A5F7826F2C} = {6DDF9AA4-1441-4D5E-85A3-6BC3BD134489}
		{0F983FDB-731B-4746-BD01-620907D10A25} = {D159308D-0625-4933-94C6-34E6504E0C96}
		{C89D0A95-ADAC-4B5F-88E1-6F3340BF6ED4} = {0F983FDB-731B-4746-BD01-620907D10A25}
		{EC067092-283D-4F79-8425-1027A37E9BFF} = {0F983FDB-731B-4746-BD01-620907D10A25}
		{E328E494-6695-4F60-9F94-3BBE709FB305} = {0F983FDB-731B-4746-BD01-620907D10A25}
		{3B39FAC9-DCBE-432B-8112-1A62E9EBAF45} = {0F983FDB-731B-4746-BD01-620907D10A25}
	EndGlobalSection
	GlobalSection(ExtensibilityGlobals) = postSolution
		SolutionGuid = {3026628F-3F4A-4343-ABB8-3224F1A24F4F}
	EndGlobalSection
EndGlobal
